
Microsoft Visual Studio Solution File, Format Version 12.00
# Visual Studio Version 17
VisualStudioVersion = 17.9.34607.119
MinimumVisualStudioVersion = 10.0.40219.1
Project("{FAE04EC0-301F-11D3-BF4B-00C04F79EFBC}") = "Notificaciones", "INotificable\Notificaciones.csproj", "{54426D78-DFDE-4AF0-8722-3C57D5D0A954}"
EndProject
Global
	GlobalSection(SolutionConfigurationPlatforms) = preSolution
		Debug|Any CPU = Debug|Any CPU
		Release|Any CPU = Release|Any CPU
	EndGlobalSection
	GlobalSection(ProjectConfigurationPlatforms) = postSolution
		{54426D78-DFDE-4AF0-8722-3C57D5D0A954}.Debug|Any CPU.ActiveCfg = Debug|Any CPU
		{54426D78-DFDE-4AF0-8722-3C57D5D0A954}.Debug|Any CPU.Build.0 = Debug|Any CPU
		{54426D78-DFDE-4AF0-8722-3C57D5D0A954}.Release|Any CPU.ActiveCfg = Release|Any CPU
		{54426D78-DFDE-4AF0-8722-3C57D5D0A954}.Release|Any CPU.Build.0 = Release|Any CPU
	EndGlobalSection
	GlobalSection(SolutionProperties) = preSolution
		HideSolutionNode = FALSE
	EndGlobalSection
	GlobalSection(ExtensibilityGlobals) = postSolution
		SolutionGuid = {3AB7EEFC-7216-46C6-998E-1A2398B3F461}
	EndGlobalSection
EndGlobal
